// !$*UTF8*$!
{
	archiveVersion = 1;
	classes = {
	};
	objectVersion = 56;
	objects = {

/* Begin PBXBuildFile section */
		2A26E8E02906534500B3D7BE /* SunShine_AppApp.swift in Sources */ = {isa = PBXBuildFile; fileRef = 2A26E8DF2906534500B3D7BE /* SunShine_AppApp.swift */; };
		2A26E8E22906534500B3D7BE /* ContentView.swift in Sources */ = {isa = PBXBuildFile; fileRef = 2A26E8E12906534500B3D7BE /* ContentView.swift */; };
		2A26E8E42906534600B3D7BE /* Assets.xcassets in Resources */ = {isa = PBXBuildFile; fileRef = 2A26E8E32906534600B3D7BE /* Assets.xcassets */; };
		2A26E8E72906534600B3D7BE /* Preview Assets.xcassets in Resources */ = {isa = PBXBuildFile; fileRef = 2A26E8E62906534600B3D7BE /* Preview Assets.xcassets */; };
		2A26E8F12906534600B3D7BE /* SunShine_AppTests.swift in Sources */ = {isa = PBXBuildFile; fileRef = 2A26E8F02906534600B3D7BE /* SunShine_AppTests.swift */; };
		2A26E8FB2906534600B3D7BE /* SunShine_AppUITests.swift in Sources */ = {isa = PBXBuildFile; fileRef = 2A26E8FA2906534600B3D7BE /* SunShine_AppUITests.swift */; };
		2A26E8FD2906534600B3D7BE /* SunShine_AppUITestsLaunchTests.swift in Sources */ = {isa = PBXBuildFile; fileRef = 2A26E8FC2906534600B3D7BE /* SunShine_AppUITestsLaunchTests.swift */; };
/* End PBXBuildFile section */

/* Begin PBXContainerItemProxy section */
		2A26E8ED2906534600B3D7BE /* PBXContainerItemProxy */ = {
			isa = PBXContainerItemProxy;
			containerPortal = 2A26E8D42906534400B3D7BE /* Project object */;
			proxyType = 1;
			remoteGlobalIDString = 2A26E8DB2906534400B3D7BE;
			remoteInfo = "SunShine App";
		};
		2A26E8F72906534600B3D7BE /* PBXContainerItemProxy */ = {
			isa = PBXContainerItemProxy;
			containerPortal = 2A26E8D42906534400B3D7BE /* Project object */;
			proxyType = 1;
			remoteGlobalIDString = 2A26E8DB2906534400B3D7BE;
			remoteInfo = "SunShine App";
		};
/* End PBXContainerItemProxy section */

/* Begin PBXFileReference section */
		2A26E8DC2906534400B3D7BE /* SunShine App.app */ = {isa = PBXFileReference; explicitFileType = wrapper.application; includeInIndex = 0; path = "SunShine App.app"; sourceTree = BUILT_PRODUCTS_DIR; };
		2A26E8DF2906534500B3D7BE /* SunShine_AppApp.swift */ = {isa = PBXFileReference; lastKnownFileType = sourcecode.swift; path = SunShine_AppApp.swift; sourceTree = "<group>"; };
		2A26E8E12906534500B3D7BE /* ContentView.swift */ = {isa = PBXFileReference; lastKnownFileType = sourcecode.swift; path = ContentView.swift; sourceTree = "<group>"; };
		2A26E8E32906534600B3D7BE /* Assets.xcassets */ = {isa = PBXFileReference; lastKnownFileType = folder.assetcatalog; path = Assets.xcassets; sourceTree = "<group>"; };
		2A26E8E62906534600B3D7BE /* Preview Assets.xcassets */ = {isa = PBXFileReference; lastKnownFileType = folder.assetcatalog; path = "Preview Assets.xcassets"; sourceTree = "<group>"; };
		2A26E8EC2906534600B3D7BE /* SunShine AppTests.xctest */ = {isa = PBXFileReference; explicitFileType = wrapper.cfbundle; includeInIndex = 0; path = "SunShine AppTests.xctest"; sourceTree = BUILT_PRODUCTS_DIR; };
		2A26E8F02906534600B3D7BE /* SunShine_AppTests.swift */ = {isa = PBXFileReference; lastKnownFileType = sourcecode.swift; path = SunShine_AppTests.swift; sourceTree = "<group>"; };
		2A26E8F62906534600B3D7BE /* SunShine AppUITests.xctest */ = {isa = PBXFileReference; explicitFileType = wrapper.cfbundle; includeInIndex = 0; path = "SunShine AppUITests.xctest"; sourceTree = BUILT_PRODUCTS_DIR; };
		2A26E8FA2906534600B3D7BE /* SunShine_AppUITests.swift */ = {isa = PBXFileReference; lastKnownFileType = sourcecode.swift; path = SunShine_AppUITests.swift; sourceTree = "<group>"; };
		2A26E8FC2906534600B3D7BE /* SunShine_AppUITestsLaunchTests.swift */ = {isa = PBXFileReference; lastKnownFileType = sourcecode.swift; path = SunShine_AppUITestsLaunchTests.swift; sourceTree = "<group>"; };
/* End PBXFileReference section */

/* Begin PBXFrameworksBuildPhase section */
		2A26E8D92906534400B3D7BE /* Frameworks */ = {
			isa = PBXFrameworksBuildPhase;
			buildActionMask = 2147483647;
			files = (
			);
			runOnlyForDeploymentPostprocessing = 0;
		};
		2A26E8E92906534600B3D7BE /* Frameworks */ = {
			isa = PBXFrameworksBuildPhase;
			buildActionMask = 2147483647;
			files = (
			);
			runOnlyForDeploymentPostprocessing = 0;
		};
		2A26E8F32906534600B3D7BE /* Frameworks */ = {
			isa = PBXFrameworksBuildPhase;
			buildActionMask = 2147483647;
			files = (
			);
			runOnlyForDeploymentPostprocessing = 0;
		};
/* End PBXFrameworksBuildPhase section */

/* Begin PBXGroup section */
		2A26E8D32906534400B3D7BE = {
			isa = PBXGroup;
			children = (
				2A26E8DE2906534400B3D7BE /* SunShine App */,
				2A26E8EF2906534600B3D7BE /* SunShine AppTests */,
				2A26E8F92906534600B3D7BE /* SunShine AppUITests */,
				2A26E8DD2906534400B3D7BE /* Products */,
			);
			sourceTree = "<group>";
		};
		2A26E8DD2906534400B3D7BE /* Products */ = {
			isa = PBXGroup;
			children = (
				2A26E8DC2906534400B3D7BE /* SunShine App.app */,
				2A26E8EC2906534600B3D7BE /* SunShine AppTests.xctest */,
				2A26E8F62906534600B3D7BE /* SunShine AppUITests.xctest */,
			);
			name = Products;
			sourceTree = "<group>";
		};
		2A26E8DE2906534400B3D7BE /* SunShine App */ = {
			isa = PBXGroup;
			children = (
				2A26E8DF2906534500B3D7BE /* SunShine_AppApp.swift */,
				2A26E8E12906534500B3D7BE /* ContentView.swift */,
				2A26E8E32906534600B3D7BE /* Assets.xcassets */,
				2A26E8E52906534600B3D7BE /* Preview Content */,
			);
			path = "SunShine App";
			sourceTree = "<group>";
		};
		2A26E8E52906534600B3D7BE /* Preview Content */ = {
			isa = PBXGroup;
			children = (
				2A26E8E62906534600B3D7BE /* Preview Assets.xcassets */,
			);
			path = "Preview Content";
			sourceTree = "<group>";
		};
		2A26E8EF2906534600B3D7BE /* SunShine AppTests */ = {
			isa = PBXGroup;
			children = (
				2A26E8F02906534600B3D7BE /* SunShine_AppTests.swift */,
			);
			path = "SunShine AppTests";
			sourceTree = "<group>";
		};
		2A26E8F92906534600B3D7BE /* SunShine AppUITests */ = {
			isa = PBXGroup;
			children = (
				2A26E8FA2906534600B3D7BE /* SunShine_AppUITests.swift */,
				2A26E8FC2906534600B3D7BE /* SunShine_AppUITestsLaunchTests.swift */,
			);
			path = "SunShine AppUITests";
			sourceTree = "<group>";
		};
/* End PBXGroup section */

/* Begin PBXNativeTarget section */
		2A26E8DB2906534400B3D7BE /* SunShine App */ = {
			isa = PBXNativeTarget;
			buildConfigurationList = 2A26E9002906534600B3D7BE /* Build configuration list for PBXNativeTarget "SunShine App" */;
			buildPhases = (
				2A26E8D82906534400B3D7BE /* Sources */,
				2A26E8D92906534400B3D7BE /* Frameworks */,
				2A26E8DA2906534400B3D7BE /* Resources */,
			);
			buildRules = (
			);
			dependencies = (
			);
			name = "SunShine App";
			productName = "SunShine App";
			productReference = 2A26E8DC2906534400B3D7BE /* SunShine App.app */;
			productType = "com.apple.product-type.application";
		};
		2A26E8EB2906534600B3D7BE /* SunShine AppTests */ = {
			isa = PBXNativeTarget;
			buildConfigurationList = 2A26E9032906534600B3D7BE /* Build configuration list for PBXNativeTarget "SunShine AppTests" */;
			buildPhases = (
				2A26E8E82906534600B3D7BE /* Sources */,
				2A26E8E92906534600B3D7BE /* Frameworks */,
				2A26E8EA2906534600B3D7BE /* Resources */,
			);
			buildRules = (
			);
			dependencies = (
				2A26E8EE2906534600B3D7BE /* PBXTargetDependency */,
			);
			name = "SunShine AppTests";
			productName = "SunShine AppTests";
			productReference = 2A26E8EC2906534600B3D7BE /* SunShine AppTests.xctest */;
			productType = "com.apple.product-type.bundle.unit-test";
		};
		2A26E8F52906534600B3D7BE /* SunShine AppUITests */ = {
			isa = PBXNativeTarget;
			buildConfigurationList = 2A26E9062906534600B3D7BE /* Build configuration list for PBXNativeTarget "SunShine AppUITests" */;
			buildPhases = (
				2A26E8F22906534600B3D7BE /* Sources */,
				2A26E8F32906534600B3D7BE /* Frameworks */,
				2A26E8F42906534600B3D7BE /* Resources */,
			);
			buildRules = (
			);
			dependencies = (
				2A26E8F82906534600B3D7BE /* PBXTargetDependency */,
			);
			name = "SunShine AppUITests";
			productName = "SunShine AppUITests";
			productReference = 2A26E8F62906534600B3D7BE /* SunShine AppUITests.xctest */;
			productType = "com.apple.product-type.bundle.ui-testing";
		};
/* End PBXNativeTarget section */

/* Begin PBXProject section */
		2A26E8D42906534400B3D7BE /* Project object */ = {
			isa = PBXProject;
			attributes = {
				BuildIndependentTargetsInParallel = 1;
				LastSwiftUpdateCheck = 1400;
				LastUpgradeCheck = 1400;
				TargetAttributes = {
					2A26E8DB2906534400B3D7BE = {
						CreatedOnToolsVersion = 14.0.1;
					};
					2A26E8EB2906534600B3D7BE = {
						CreatedOnToolsVersion = 14.0.1;
						TestTargetID = 2A26E8DB2906534400B3D7BE;
					};
					2A26E8F52906534600B3D7BE = {
						CreatedOnToolsVersion = 14.0.1;
						TestTargetID = 2A26E8DB2906534400B3D7BE;
					};
				};
			};
			buildConfigurationList = 2A26E8D72906534400B3D7BE /* Build configuration list for PBXProject "SunShine App" */;
			compatibilityVersion = "Xcode 14.0";
			developmentRegion = en;
			hasScannedForEncodings = 0;
			knownRegions = (
				en,
				Base,
			);
			mainGroup = 2A26E8D32906534400B3D7BE;
			productRefGroup = 2A26E8DD2906534400B3D7BE /* Products */;
			projectDirPath = "";
			projectRoot = "";
			targets = (
				2A26E8DB2906534400B3D7BE /* SunShine App */,
				2A26E8EB2906534600B3D7BE /* SunShine AppTests */,
				2A26E8F52906534600B3D7BE /* SunShine AppUITests */,
			);
		};
/* End PBXProject section */

/* Begin PBXResourcesBuildPhase section */
		2A26E8DA2906534400B3D7BE /* Resources */ = {
			isa = PBXResourcesBuildPhase;
			buildActionMask = 2147483647;
			files = (
				2A26E8E72906534600B3D7BE /* Preview Assets.xcassets in Resources */,
				2A26E8E42906534600B3D7BE /* Assets.xcassets in Resources */,
			);
			runOnlyForDeploymentPostprocessing = 0;
		};
		2A26E8EA2906534600B3D7BE /* Resources */ = {
			isa = PBXResourcesBuildPhase;
			buildActionMask = 2147483647;
			files = (
			);
			runOnlyForDeploymentPostprocessing = 0;
		};
		2A26E8F42906534600B3D7BE /* Resources */ = {
			isa = PBXResourcesBuildPhase;
			buildActionMask = 2147483647;
			files = (
			);
			runOnlyForDeploymentPostprocessing = 0;
		};
/* End PBXResourcesBuildPhase section */

/* Begin PBXSourcesBuildPhase section */
		2A26E8D82906534400B3D7BE /* Sources */ = {
			isa = PBXSourcesBuildPhase;
			buildActionMask = 2147483647;
			files = (
				2A26E8E22906534500B3D7BE /* ContentView.swift in Sources */,
				2A26E8E02906534500B3D7BE /* SunShine_AppApp.swift in Sources */,
			);
			runOnlyForDeploymentPostprocessing = 0;
		};
		2A26E8E82906534600B3D7BE /* Sources */ = {
			isa = PBXSourcesBuildPhase;
			buildActionMask = 2147483647;
			files = (
				2A26E8F12906534600B3D7BE /* SunShine_AppTests.swift in Sources */,
			);
			runOnlyForDeploymentPostprocessing = 0;
		};
		2A26E8F22906534600B3D7BE /* Sources */ = {
			isa = PBXSourcesBuildPhase;
			buildActionMask = 2147483647;
			files = (
				2A26E8FB2906534600B3D7BE /* SunShine_AppUITests.swift in Sources */,
				2A26E8FD2906534600B3D7BE /* SunShine_AppUITestsLaunchTests.swift in Sources */,
			);
			runOnlyForDeploymentPostprocessing = 0;
		};
/* End PBXSourcesBuildPhase section */

/* Begin PBXTargetDependency section */
		2A26E8EE2906534600B3D7BE /* PBXTargetDependency */ = {
			isa = PBXTargetDependency;
			target = 2A26E8DB2906534400B3D7BE /* SunShine App */;
			targetProxy = 2A26E8ED2906534600B3D7BE /* PBXContainerItemProxy */;
		};
		2A26E8F82906534600B3D7BE /* PBXTargetDependency */ = {
			isa = PBXTargetDependency;
			target = 2A26E8DB2906534400B3D7BE /* SunShine App */;
			targetProxy = 2A26E8F72906534600B3D7BE /* PBXContainerItemProxy */;
		};
/* End PBXTargetDependency section */

/* Begin XCBuildConfiguration section */
		2A26E8FE2906534600B3D7BE /* Debug */ = {
			isa = XCBuildConfiguration;
			buildSettings = {
				ALWAYS_SEARCH_USER_PATHS = NO;
				CLANG_ANALYZER_NONNULL = YES;
				CLANG_ANALYZER_NUMBER_OBJECT_CONVERSION = YES_AGGRESSIVE;
				CLANG_CXX_LANGUAGE_STANDARD = "gnu++20";
				CLANG_ENABLE_MODULES = YES;
				CLANG_ENABLE_OBJC_ARC = YES;
				CLANG_ENABLE_OBJC_WEAK = YES;
				CLANG_WARN_BLOCK_CAPTURE_AUTORELEASING = YES;
				CLANG_WARN_BOOL_CONVERSION = YES;
				CLANG_WARN_COMMA = YES;
				CLANG_WARN_CONSTANT_CONVERSION = YES;
				CLANG_WARN_DEPRECATED_OBJC_IMPLEMENTATIONS = YES;
				CLANG_WARN_DIRECT_OBJC_ISA_USAGE = YES_ERROR;
				CLANG_WARN_DOCUMENTATION_COMMENTS = YES;
				CLANG_WARN_EMPTY_BODY = YES;
				CLANG_WARN_ENUM_CONVERSION = YES;
				CLANG_WARN_INFINITE_RECURSION = YES;
				CLANG_WARN_INT_CONVERSION = YES;
				CLANG_WARN_NON_LITERAL_NULL_CONVERSION = YES;
				CLANG_WARN_OBJC_IMPLICIT_RETAIN_SELF = YES;
				CLANG_WARN_OBJC_LITERAL_CONVERSION = YES;
				CLANG_WARN_OBJC_ROOT_CLASS = YES_ERROR;
				CLANG_WARN_QUOTED_INCLUDE_IN_FRAMEWORK_HEADER = YES;
				CLANG_WARN_RANGE_LOOP_ANALYSIS = YES;
				CLANG_WARN_STRICT_PROTOTYPES = YES;
				CLANG_WARN_SUSPICIOUS_MOVE = YES;
				CLANG_WARN_UNGUARDED_AVAILABILITY = YES_AGGRESSIVE;
				CLANG_WARN_UNREACHABLE_CODE = YES;
				CLANG_WARN__DUPLICATE_METHOD_MATCH = YES;
				COPY_PHASE_STRIP = NO;
				DEBUG_INFORMATION_FORMAT = dwarf;
				ENABLE_STRICT_OBJC_MSGSEND = YES;
				ENABLE_TESTABILITY = YES;
				GCC_C_LANGUAGE_STANDARD = gnu11;
				GCC_DYNAMIC_NO_PIC = NO;
				GCC_NO_COMMON_BLOCKS = YES;
				GCC_OPTIMIZATION_LEVEL = 0;
				GCC_PREPROCESSOR_DEFINITIONS = (
					"DEBUG=1",
					"$(inherited)",
				);
				GCC_WARN_64_TO_32_BIT_CONVERSION = YES;
				GCC_WARN_ABOUT_RETURN_TYPE = YES_ERROR;
				GCC_WARN_UNDECLARED_SELECTOR = YES;
				GCC_WARN_UNINITIALIZED_AUTOS = YES_AGGRESSIVE;
				GCC_WARN_UNUSED_FUNCTION = YES;
				GCC_WARN_UNUSED_VARIABLE = YES;
				IPHONEOS_DEPLOYMENT_TARGET = 16.0;
				MTL_ENABLE_DEBUG_INFO = INCLUDE_SOURCE;
				MTL_FAST_MATH = YES;
				ONLY_ACTIVE_ARCH = YES;
				SDKROOT = iphoneos;
				SWIFT_ACTIVE_COMPILATION_CONDITIONS = DEBUG;
				SWIFT_OPTIMIZATION_LEVEL = "-Onone";
			};
			name = Debug;
		};
		2A26E8FF2906534600B3D7BE /* Release */ = {
			isa = XCBuildConfiguration;
			buildSettings = {
				ALWAYS_SEARCH_USER_PATHS = NO;
				CLANG_ANALYZER_NONNULL = YES;
				CLANG_ANALYZER_NUMBER_OBJECT_CONVERSION = YES_AGGRESSIVE;
				CLANG_CXX_LANGUAGE_STANDARD = "gnu++20";
				CLANG_ENABLE_MODULES = YES;
				CLANG_ENABLE_OBJC_ARC = YES;
				CLANG_ENABLE_OBJC_WEAK = YES;
				CLANG_WARN_BLOCK_CAPTURE_AUTORELEASING = YES;
				CLANG_WARN_BOOL_CONVERSION = YES;
				CLANG_WARN_COMMA = YES;
				CLANG_WARN_CONSTANT_CONVERSION = YES;
				CLANG_WARN_DEPRECATED_OBJC_IMPLEMENTATIONS = YES;
				CLANG_WARN_DIRECT_OBJC_ISA_USAGE = YES_ERROR;
				CLANG_WARN_DOCUMENTATION_COMMENTS = YES;
				CLANG_WARN_EMPTY_BODY = YES;
				CLANG_WARN_ENUM_CONVERSION = YES;
				CLANG_WARN_INFINITE_RECURSION = YES;
				CLANG_WARN_INT_CONVERSION = YES;
				CLANG_WARN_NON_LITERAL_NULL_CONVERSION = YES;
				CLANG_WARN_OBJC_IMPLICIT_RETAIN_SELF = YES;
				CLANG_WARN_OBJC_LITERAL_CONVERSION = YES;
				CLANG_WARN_OBJC_ROOT_CLASS = YES_ERROR;
				CLANG_WARN_QUOTED_INCLUDE_IN_FRAMEWORK_HEADER = YES;
				CLANG_WARN_RANGE_LOOP_ANALYSIS = YES;
				CLANG_WARN_STRICT_PROTOTYPES = YES;
				CLANG_WARN_SUSPICIOUS_MOVE = YES;
				CLANG_WARN_UNGUARDED_AVAILABILITY = YES_AGGRESSIVE;
				CLANG_WARN_UNREACHABLE_CODE = YES;
				CLANG_WARN__DUPLICATE_METHOD_MATCH = YES;
				COPY_PHASE_STRIP = NO;
				DEBUG_INFORMATION_FORMAT = "dwarf-with-dsym";
				ENABLE_NS_ASSERTIONS = NO;
				ENABLE_STRICT_OBJC_MSGSEND = YES;
				GCC_C_LANGUAGE_STANDARD = gnu11;
				GCC_NO_COMMON_BLOCKS = YES;
				GCC_WARN_64_TO_32_BIT_CONVERSION = YES;
				GCC_WARN_ABOUT_RETURN_TYPE = YES_ERROR;
				GCC_WARN_UNDECLARED_SELECTOR = YES;
				GCC_WARN_UNINITIALIZED_AUTOS = YES_AGGRESSIVE;
				GCC_WARN_UNUSED_FUNCTION = YES;
				GCC_WARN_UNUSED_VARIABLE = YES;
				IPHONEOS_DEPLOYMENT_TARGET = 16.0;
				MTL_ENABLE_DEBUG_INFO = NO;
				MTL_FAST_MATH = YES;
				SDKROOT = iphoneos;
				SWIFT_COMPILATION_MODE = wholemodule;
				SWIFT_OPTIMIZATION_LEVEL = "-O";
				VALIDATE_PRODUCT = YES;
			};
			name = Release;
		};
		2A26E9012906534600B3D7BE /* Debug */ = {
			isa = XCBuildConfiguration;
			buildSettings = {
				ASSETCATALOG_COMPILER_APPICON_NAME = AppIcon;
				ASSETCATALOG_COMPILER_GLOBAL_ACCENT_COLOR_NAME = AccentColor;
				CODE_SIGN_STYLE = Automatic;
				CURRENT_PROJECT_VERSION = 1;
				DEVELOPMENT_ASSET_PATHS = "\"SunShine App/Preview Content\"";
				ENABLE_PREVIEWS = YES;
				GENERATE_INFOPLIST_FILE = YES;
				INFOPLIST_KEY_UIApplicationSceneManifest_Generation = YES;
				INFOPLIST_KEY_UIApplicationSupportsIndirectInputEvents = YES;
				INFOPLIST_KEY_UILaunchScreen_Generation = YES;
				INFOPLIST_KEY_UISupportedInterfaceOrientations_iPad = "UIInterfaceOrientationPortrait UIInterfaceOrientationPortraitUpsideDown UIInterfaceOrientationLandscapeLeft UIInterfaceOrientationLandscapeRight";
				INFOPLIST_KEY_UISupportedInterfaceOrientations_iPhone = "UIInterfaceOrientationPortrait UIInterfaceOrientationLandscapeLeft UIInterfaceOrientationLandscapeRight";
				LD_RUNPATH_SEARCH_PATHS = (
					"$(inherited)",
					"@executable_path/Frameworks",
				);
				MARKETING_VERSION = 1.0;
				PRODUCT_BUNDLE_IDENTIFIER = "SunShineFoundation.SunShine-App";
				PRODUCT_NAME = "$(TARGET_NAME)";
				SWIFT_EMIT_LOC_STRINGS = YES;
				SWIFT_VERSION = 5.0;
				TARGETED_DEVICE_FAMILY = "1,2";
			};
			name = Debug;
		};
		2A26E9022906534600B3D7BE /* Release */ = {
			isa = XCBuildConfiguration;
			buildSettings = {
				ASSETCATALOG_COMPILER_APPICON_NAME = AppIcon;
				ASSETCATALOG_COMPILER_GLOBAL_ACCENT_COLOR_NAME = AccentColor;
				CODE_SIGN_STYLE = Automatic;
				CURRENT_PROJECT_VERSION = 1;
				DEVELOPMENT_ASSET_PATHS = "\"SunShine App/Preview Content\"";
				ENABLE_PREVIEWS = YES;
				GENERATE_INFOPLIST_FILE = YES;
				INFOPLIST_KEY_UIApplicationSceneManifest_Generation = YES;
				INFOPLIST_KEY_UIApplicationSupportsIndirectInputEvents = YES;
				INFOPLIST_KEY_UILaunchScreen_Generation = YES;
				INFOPLIST_KEY_UISupportedInterfaceOrientations_iPad = "UIInterfaceOrientationPortrait UIInterfaceOrientationPortraitUpsideDown UIInterfaceOrientationLandscapeLeft UIInterfaceOrientationLandscapeRight";
				INFOPLIST_KEY_UISupportedInterfaceOrientations_iPhone = "UIInterfaceOrientationPortrait UIInterfaceOrientationLandscapeLeft UIInterfaceOrientationLandscapeRight";
				LD_RUNPATH_SEARCH_PATHS = (
					"$(inherited)",
					"@executable_path/Frameworks",
				);
				MARKETING_VERSION = 1.0;
				PRODUCT_BUNDLE_IDENTIFIER = "SunShineFoundation.SunShine-App";
				PRODUCT_NAME = "$(TARGET_NAME)";
				SWIFT_EMIT_LOC_STRINGS = YES;
				SWIFT_VERSION = 5.0;
				TARGETED_DEVICE_FAMILY = "1,2";
			};
			name = Release;
		};
		2A26E9042906534600B3D7BE /* Debug */ = {
			isa = XCBuildConfiguration;
			buildSettings = {
				ALWAYS_EMBED_SWIFT_STANDARD_LIBRARIES = YES;
				BUNDLE_LOADER = "$(TEST_HOST)";
				CODE_SIGN_STYLE = Automatic;
				CURRENT_PROJECT_VERSION = 1;
				GENERATE_INFOPLIST_FILE = YES;
				IPHONEOS_DEPLOYMENT_TARGET = 16.0;
				MARKETING_VERSION = 1.0;
				PRODUCT_BUNDLE_IDENTIFIER = "SunShineFoundation.SunShine-AppTests";
				PRODUCT_NAME = "$(TARGET_NAME)";
				SWIFT_EMIT_LOC_STRINGS = NO;
				SWIFT_VERSION = 5.0;
				TARGETED_DEVICE_FAMILY = "1,2";
				TEST_HOST = "$(BUILT_PRODUCTS_DIR)/SunShine App.app/$(BUNDLE_EXECUTABLE_FOLDER_PATH)/SunShine App";
			};
			name = Debug;
		};
		2A26E9052906534600B3D7BE /* Release */ = {
			isa = XCBuildConfiguration;
			buildSettings = {
				ALWAYS_EMBED_SWIFT_STANDARD_LIBRARIES = YES;
				BUNDLE_LOADER = "$(TEST_HOST)";
				CODE_SIGN_STYLE = Automatic;
				CURRENT_PROJECT_VERSION = 1;
				GENERATE_INFOPLIST_FILE = YES;
				IPHONEOS_DEPLOYMENT_TARGET = 16.0;
				MARKETING_VERSION = 1.0;
				PRODUCT_BUNDLE_IDENTIFIER = "SunShineFoundation.SunShine-AppTests";
				PRODUCT_NAME = "$(TARGET_NAME)";
				SWIFT_EMIT_LOC_STRINGS = NO;
				SWIFT_VERSION = 5.0;
				TARGETED_DEVICE_FAMILY = "1,2";
				TEST_HOST = "$(BUILT_PRODUCTS_DIR)/SunShine App.app/$(BUNDLE_EXECUTABLE_FOLDER_PATH)/SunShine App";
			};
			name = Release;
		};
		2A26E9072906534600B3D7BE /* Debug */ = {
			isa = XCBuildConfiguration;
			buildSettings = {
				ALWAYS_EMBED_SWIFT_STANDARD_LIBRARIES = YES;
				CODE_SIGN_STYLE = Automatic;
				CURRENT_PROJECT_VERSION = 1;
				GENERATE_INFOPLIST_FILE = YES;
				MARKETING_VERSION = 1.0;
				PRODUCT_BUNDLE_IDENTIFIER = "SunShineFoundation.SunShine-AppUITests";
				PRODUCT_NAME = "$(TARGET_NAME)";
				SWIFT_EMIT_LOC_STRINGS = NO;
				SWIFT_VERSION = 5.0;
				TARGETED_DEVICE_FAMILY = "1,2";
				TEST_TARGET_NAME = "SunShine App";
			};
			name = Debug;
		};
		2A26E9082906534600B3D7BE /* Release */ = {
			isa = XCBuildConfiguration;
			buildSettings = {
				ALWAYS_EMBED_SWIFT_STANDARD_LIBRARIES = YES;
				CODE_SIGN_STYLE = Automatic;
				CURRENT_PROJECT_VERSION = 1;
				GENERATE_INFOPLIST_FILE = YES;
				MARKETING_VERSION = 1.0;
				PRODUCT_BUNDLE_IDENTIFIER = "SunShineFoundation.SunShine-AppUITests";
				PRODUCT_NAME = "$(TARGET_NAME)";
				SWIFT_EMIT_LOC_STRINGS = NO;
				SWIFT_VERSION = 5.0;
				TARGETED_DEVICE_FAMILY = "1,2";
				TEST_TARGET_NAME = "SunShine App";
			};
			name = Release;
		};
/* End XCBuildConfiguration section */

/* Begin XCConfigurationList section */
		2A26E8D72906534400B3D7BE /* Build configuration list for PBXProject "SunShine App" */ = {
			isa = XCConfigurationList;
			buildConfigurations = (
				2A26E8FE2906534600B3D7BE /* Debug */,
				2A26E8FF2906534600B3D7BE /* Release */,
			);
			defaultConfigurationIsVisible = 0;
			defaultConfigurationName = Release;
		};
		2A26E9002906534600B3D7BE /* Build configuration list for PBXNativeTarget "SunShine App" */ = {
			isa = XCConfigurationList;
			buildConfigurations = (
				2A26E9012906534600B3D7BE /* Debug */,
				2A26E9022906534600B3D7BE /* Release */,
			);
			defaultConfigurationIsVisible = 0;
			defaultConfigurationName = Release;
		};
		2A26E9032906534600B3D7BE /* Build configuration list for PBXNativeTarget "SunShine AppTests" */ = {
			isa = XCConfigurationList;
			buildConfigurations = (
				2A26E9042906534600B3D7BE /* Debug */,
				2A26E9052906534600B3D7BE /* Release */,
			);
			defaultConfigurationIsVisible = 0;
			defaultConfigurationName = Release;
		};
		2A26E9062906534600B3D7BE /* Build configuration list for PBXNativeTarget "SunShine AppUITests" */ = {
			isa = XCConfigurationList;
			buildConfigurations = (
				2A26E9072906534600B3D7BE /* Debug */,
				2A26E9082906534600B3D7BE /* Release */,
			);
			defaultConfigurationIsVisible = 0;
			defaultConfigurationName = Release;
		};
/* End XCConfigurationList section */
	};
	rootObject = 2A26E8D42906534400B3D7BE /* Project object */;
}
